{
    "dependencies": [
        {
            "name": "meta/editor_kit_primitives",
            "version": "1.12.7"
        },
        {
            "name": "meta/editor_kit_shaders",
            "version": "0.12.7"
        },
        {
            "name": "meta/editor_kit_starting_world",
            "version": "1.13.7"
        },
        {
            "name": "meta/editor_kit_vfx",
            "version": "0.9.6"
        },
        {
            "name": "meta/editor_starter_kit",
            "version": "1.14.5"
        },
        {
            "name": "meta/shaderkit",
            "version": "0.11.11"
        },
        {
            "name": "meta/shaderkit_uber",
            "version": "0.3.15"
        }
    ]
}